
Microsoft Visual Studio Solution File, Format Version 12.00
# Visual Studio 2013
VisualStudioVersion = 12.0.30324.0
MinimumVisualStudioVersion = 10.0.40219.1
Project("{8BC9CEB8-8B4A-11D0-8D11-00A0C91BC942}") = "Testing", "Testing\Testing.vcxproj", "{00BD3297-C4D7-418E-9242-C38EE76DFC13}"
	ProjectSection(ProjectDependencies) = postProject
		{6F01DB00-32F0-A842-9B60-3ABA75A2D458} = {6F01DB00-32F0-A842-9B60-3ABA75A2D458}
	EndProjectSection
EndProject
Project("{8BC9CEB8-8B4A-11D0-8D11-00A0C91BC942}") = "FreeGLUT", "FreeGLUT.vcxproj", "{BCA4569B-A486-E443-9EE2-07D4CB3CFBA8}"
EndProject
Project("{8BC9CEB8-8B4A-11D0-8D11-00A0C91BC942}") = "GLUI", "GLUI.vcxproj", "{6F01DB00-32F0-A842-9B60-3ABA75A2D458}"
	ProjectSection(ProjectDependencies) = postProject
		{BCA4569B-A486-E443-9EE2-07D4CB3CFBA8} = {BCA4569B-A486-E443-9EE2-07D4CB3CFBA8}
	EndProjectSection
EndProject
Project("{8BC9CEB8-8B4A-11D0-8D11-00A0C91BC942}") = "Motion", "Motion\Motion.vcxproj", "{BEABEDCA-4336-4597-A0B4-0AC0959B6282}"
	ProjectSection(ProjectDependencies) = postProject
		{6F01DB00-32F0-A842-9B60-3ABA75A2D458} = {6F01DB00-32F0-A842-9B60-3ABA75A2D458}
	EndProjectSection
EndProject
Global
	GlobalSection(SolutionConfigurationPlatforms) = preSolution
		Debug|Win32 = Debug|Win32
		Debug|x64 = Debug|x64
		Release|Win32 = Release|Win32
		Release|x64 = Release|x64
	EndGlobalSection
	GlobalSection(ProjectConfigurationPlatforms) = postSolution
		{00BD3297-C4D7-418E-9242-C38EE76DFC13}.Debug|Win32.ActiveCfg = Debug|Win32
		{00BD3297-C4D7-418E-9242-C38EE76DFC13}.Debug|x64.ActiveCfg = Release|Win32
		{00BD3297-C4D7-418E-9242-C38EE76DFC13}.Release|Win32.ActiveCfg = Release|Win32
		{00BD3297-C4D7-418E-9242-C38EE76DFC13}.Release|x64.ActiveCfg = Release|Win32
		{BCA4569B-A486-E443-9EE2-07D4CB3CFBA8}.Debug|Win32.ActiveCfg = Debug|Win32
		{BCA4569B-A486-E443-9EE2-07D4CB3CFBA8}.Debug|Win32.Build.0 = Debug|Win32
		{BCA4569B-A486-E443-9EE2-07D4CB3CFBA8}.Debug|x64.ActiveCfg = Release|x64
		{BCA4569B-A486-E443-9EE2-07D4CB3CFBA8}.Debug|x64.Build.0 = Release|x64
		{BCA4569B-A486-E443-9EE2-07D4CB3CFBA8}.Release|Win32.ActiveCfg = Release|Win32
		{BCA4569B-A486-E443-9EE2-07D4CB3CFBA8}.Release|Win32.Build.0 = Release|Win32
		{BCA4569B-A486-E443-9EE2-07D4CB3CFBA8}.Release|x64.ActiveCfg = Release|x64
		{BCA4569B-A486-E443-9EE2-07D4CB3CFBA8}.Release|x64.Build.0 = Release|x64
		{6F01DB00-32F0-A842-9B60-3ABA75A2D458}.Debug|Win32.ActiveCfg = Debug|Win32
		{6F01DB00-32F0-A842-9B60-3ABA75A2D458}.Debug|Win32.Build.0 = Debug|Win32
		{6F01DB00-32F0-A842-9B60-3ABA75A2D458}.Debug|x64.ActiveCfg = Release|x64
		{6F01DB00-32F0-A842-9B60-3ABA75A2D458}.Debug|x64.Build.0 = Release|x64
		{6F01DB00-32F0-A842-9B60-3ABA75A2D458}.Release|Win32.ActiveCfg = Release|Win32
		{6F01DB00-32F0-A842-9B60-3ABA75A2D458}.Release|Win32.Build.0 = Release|Win32
		{6F01DB00-32F0-A842-9B60-3ABA75A2D458}.Release|x64.ActiveCfg = Release|x64
		{6F01DB00-32F0-A842-9B60-3ABA75A2D458}.Release|x64.Build.0 = Release|x64
		{BEABEDCA-4336-4597-A0B4-0AC0959B6282}.Debug|Win32.ActiveCfg = Debug|Win32
		{BEABEDCA-4336-4597-A0B4-0AC0959B6282}.Debug|Win32.Build.0 = Debug|Win32
		{BEABEDCA-4336-4597-A0B4-0AC0959B6282}.Debug|x64.ActiveCfg = Release|Win32
		{BEABEDCA-4336-4597-A0B4-0AC0959B6282}.Debug|x64.Build.0 = Release|Win32
		{BEABEDCA-4336-4597-A0B4-0AC0959B6282}.Release|Win32.ActiveCfg = Release|Win32
		{BEABEDCA-4336-4597-A0B4-0AC0959B6282}.Release|Win32.Build.0 = Release|Win32
		{BEABEDCA-4336-4597-A0B4-0AC0959B6282}.Release|x64.ActiveCfg = Release|x64
		{BEABEDCA-4336-4597-A0B4-0AC0959B6282}.Release|x64.Build.0 = Release|x64
	EndGlobalSection
	GlobalSection(SolutionProperties) = preSolution
		HideSolutionNode = FALSE
	EndGlobalSection
EndGlobal
